
Microsoft Visual Studio Solution File, Format Version 12.00
# Visual Studio 15
VisualStudioVersion = 15.0.28307.1082
MinimumVisualStudioVersion = 10.0.40219.1
Project("{FAE04EC0-301F-11D3-BF4B-00C04F79EFBC}") = "SimuladorExamenUPN", "SimuladorExamenUPN\SimuladorExamenUPN.csproj", "{2024BD2B-5897-4C36-AB3A-738F23148507}"
EndProject
Project("{FAE04EC0-301F-11D3-BF4B-00C04F79EFBC}") = "TEST", "TEST\TEST.csproj", "{B4208EC0-457A-42DD-9B29-E7C404E4AA02}"
EndProject
Global
	GlobalSection(SolutionConfigurationPlatforms) = preSolution
		Debug|Any CPU = Debug|Any CPU
		Release|Any CPU = Release|Any CPU
	EndGlobalSection
	GlobalSection(ProjectConfigurationPlatforms) = postSolution
		{2024BD2B-5897-4C36-AB3A-738F23148507}.Debug|Any CPU.ActiveCfg = Debug|Any CPU
		{2024BD2B-5897-4C36-AB3A-738F23148507}.Debug|Any CPU.Build.0 = Debug|Any CPU
		{2024BD2B-5897-4C36-AB3A-738F23148507}.Release|Any CPU.ActiveCfg = Release|Any CPU
		{2024BD2B-5897-4C36-AB3A-738F23148507}.Release|Any CPU.Build.0 = Release|Any CPU
		{B4208EC0-457A-42DD-9B29-E7C404E4AA02}.Debug|Any CPU.ActiveCfg = Debug|Any CPU
		{B4208EC0-457A-42DD-9B29-E7C404E4AA02}.Debug|Any CPU.Build.0 = Debug|Any CPU
		{B4208EC0-457A-42DD-9B29-E7C404E4AA02}.Release|Any CPU.ActiveCfg = Release|Any CPU
		{B4208EC0-457A-42DD-9B29-E7C404E4AA02}.Release|Any CPU.Build.0 = Release|Any CPU
	EndGlobalSection
	GlobalSection(SolutionProperties) = preSolution
		HideSolutionNode = FALSE
	EndGlobalSection
	GlobalSection(ExtensibilityGlobals) = postSolution
		SolutionGuid = {8EFCFB49-F204-455D-AB9F-11B14200BBB0}
	EndGlobalSection
EndGlobal
